
Microsoft Visual Studio Solution File, Format Version 12.00
# Visual Studio Version 17
VisualStudioVersion = 17.13.35931.197 d17.13
MinimumVisualStudioVersion = 10.0.40219.1
Project("{FAE04EC0-301F-11D3-BF4B-00C04F79EFBC}") = "Prototype", "Prototype\Prototype.csproj", "{BCB44E05-9B19-41FE-A65C-9C80AD2E6656}"
EndProject
Global
	GlobalSection(SolutionConfigurationPlatforms) = preSolution
		Debug|Any CPU = Debug|Any CPU
		Release|Any CPU = Release|Any CPU
	EndGlobalSection
	GlobalSection(ProjectConfigurationPlatforms) = postSolution
		{BCB44E05-9B19-41FE-A65C-9C80AD2E6656}.Debug|Any CPU.ActiveCfg = Debug|Any CPU
		{BCB44E05-9B19-41FE-A65C-9C80AD2E6656}.Debug|Any CPU.Build.0 = Debug|Any CPU
		{BCB44E05-9B19-41FE-A65C-9C80AD2E6656}.Release|Any CPU.ActiveCfg = Release|Any CPU
		{BCB44E05-9B19-41FE-A65C-9C80AD2E6656}.Release|Any CPU.Build.0 = Release|Any CPU
	EndGlobalSection
	GlobalSection(SolutionProperties) = preSolution
		HideSolutionNode = FALSE
	EndGlobalSection
	GlobalSection(ExtensibilityGlobals) = postSolution
		SolutionGuid = {564A6987-BB01-4B32-A735-B0AF0CF43445}
	EndGlobalSection
EndGlobal
